
Microsoft Visual Studio Solution File, Format Version 12.00
# Visual Studio Version 17
VisualStudioVersion = 17.6.33815.320
MinimumVisualStudioVersion = 10.0.40219.1
Project("{FAE04EC0-301F-11D3-BF4B-00C04F79EFBC}") = "AdamExercice5", "AdamExercice5\AdamExercice5.csproj", "{2B703B1C-BFBF-48F0-90B5-82D98BAD4A14}"
EndProject
Global
	GlobalSection(SolutionConfigurationPlatforms) = preSolution
		Debug|Any CPU = Debug|Any CPU
		Release|Any CPU = Release|Any CPU
	EndGlobalSection
	GlobalSection(ProjectConfigurationPlatforms) = postSolution
		{2B703B1C-BFBF-48F0-90B5-82D98BAD4A14}.Debug|Any CPU.ActiveCfg = Debug|Any CPU
		{2B703B1C-BFBF-48F0-90B5-82D98BAD4A14}.Debug|Any CPU.Build.0 = Debug|Any CPU
		{2B703B1C-BFBF-48F0-90B5-82D98BAD4A14}.Release|Any CPU.ActiveCfg = Release|Any CPU
		{2B703B1C-BFBF-48F0-90B5-82D98BAD4A14}.Release|Any CPU.Build.0 = Release|Any CPU
	EndGlobalSection
	GlobalSection(SolutionProperties) = preSolution
		HideSolutionNode = FALSE
	EndGlobalSection
	GlobalSection(ExtensibilityGlobals) = postSolution
		SolutionGuid = {35D10B43-BFED-4B98-914D-9660C87BE6F8}
	EndGlobalSection
EndGlobal
